
Microsoft Visual Studio Solution File, Format Version 12.00
# Visual Studio Version 16
VisualStudioVersion = 16.0.35130.168
MinimumVisualStudioVersion = 10.0.40219.1
Project("{FAE04EC0-301F-11D3-BF4B-00C04F79EFBC}") = "MultJogos", "MultJogos\MultJogos.csproj", "{F6957620-B8EB-41F3-9645-8FBBCEFFE8D8}"
EndProject
Global
	GlobalSection(SolutionConfigurationPlatforms) = preSolution
		Debug|Any CPU = Debug|Any CPU
		Release|Any CPU = Release|Any CPU
	EndGlobalSection
	GlobalSection(ProjectConfigurationPlatforms) = postSolution
		{F6957620-B8EB-41F3-9645-8FBBCEFFE8D8}.Debug|Any CPU.ActiveCfg = Debug|Any CPU
		{F6957620-B8EB-41F3-9645-8FBBCEFFE8D8}.Debug|Any CPU.Build.0 = Debug|Any CPU
		{F6957620-B8EB-41F3-9645-8FBBCEFFE8D8}.Release|Any CPU.ActiveCfg = Release|Any CPU
		{F6957620-B8EB-41F3-9645-8FBBCEFFE8D8}.Release|Any CPU.Build.0 = Release|Any CPU
	EndGlobalSection
	GlobalSection(SolutionProperties) = preSolution
		HideSolutionNode = FALSE
	EndGlobalSection
	GlobalSection(ExtensibilityGlobals) = postSolution
		SolutionGuid = {8BDF5836-2556-4D10-A97C-6E6D06FE9B7D}
	EndGlobalSection
EndGlobal
